lockfileVersion: '9.0'

settings:
  autoInstallPeers: true
  excludeLinksFromLockfile: false

importers:

  .:
    dependencies:
      '@bufbuild/protobuf':
        specifier: 2.12.0
        version: 2.12.0
      '@connectrpc/connect':
        specifier: 2.1.2
        version: 2.1.2(@bufbuild/protobuf@2.12.0)
      '@connectrpc/connect-query':
        specifier: 2.2.0
        version: 2.2.0(@bufbuild/protobuf@2.12.0)(@connectrpc/connect@2.1.2(@bufbuild/protobuf@2.12.0))(@tanstack/query-core@5.101.2)(@tanstack/react-query@5.101.2(react@19.2.7))(react-dom@19.2.7(react@19.2.7))(react@19.2.7)
      '@connectrpc/connect-web':
        specifier: 2.1.2
        version: 2.1.2(@bufbuild/protobuf@2.12.0)(@connectrpc/connect@2.1.2(@bufbuild/protobuf@2.12.0))
      '@tanstack/react-query':
        specifier: 5.101.2
        version: 5.101.2(react@19.2.7)
      react:
        specifier: ^19.2.0
        version: 19.2.7
      react-dom:
        specifier: ^19.2.0
        version: 19.2.7(react@19.2.7)
      react-router-dom:
        specifier: ^7.1.1
        version: 7.18.0(react-dom@19.2.7(react@19.2.7))(react@19.2.7)
      recharts:
        specifier: ^3.9.1
        version: 3.9.1(@types/react@19.2.17)(react-dom@19.2.7(react@19.2.7))(react-is@19.2.7)(react@19.2.7)(redux@5.0.1)
      redux:
        specifier: ^5.0.1
        version: 5.0.1
    devDependencies:
      '@bufbuild/protoc-gen-es':
        specifier: 2.12.0
        version: 2.12.0(@bufbuild/protobuf@2.12.0)
      '@connectrpc/protoc-gen-connect-query':
        specifier: 2.2.0
        version: 2.2.0(@bufbuild/protoc-gen-es@2.12.0(@bufbuild/protobuf@2.12.0))
      '@types/react':
        specifier: ^19.2.0
        version: 19.2.17
      '@types/react-dom':
        specifier: ^19.2.0
        version: 19.2.3(@types/react@19.2.17)
      '@types/react-router-dom':
        specifier: ^5.3.3
        version: 5.3.3
      typescript:
        specifier: 5.5.4
        version: 5.5.4

packages:

  '@bufbuild/protobuf@2.12.0':
    resolution: {integrity: sha512-B/XlCaFIP8LOwzo+bz5uFzATYokcwCKQcghqnlfwSmM5eX/qTkvDBnDPs+gXtX/RyjxJ4DRikECcPJbyALA8FA==}

  '@bufbuild/protoc-gen-es@2.12.0':
    resolution: {integrity: sha512-d9htF6jEkSwPbp9d/vSmZOBF7eeG18AvTMKmVg4I23afnrQOxL2w3WOXa9TaufMCyu24QakEUb4vux8apI5e7A==}
    engines: {node: '>=20'}
    hasBin: true
    peerDependencies:
      '@bufbuild/protobuf': 2.12.0
    peerDependenciesMeta:
      '@bufbuild/protobuf':
        optional: true

  '@bufbuild/protoplugin@2.12.0':
    resolution: {integrity: sha512-ORlDITp8AFUXzIhLRoMCG+ud+D3MPKWb5HQXBoskMMnjeyEjE1H1qLonVNPyOr8lkx3xSfYUo8a0dvOZJVAzow==}

  '@connectrpc/connect-query-core@2.2.0':
    resolution: {integrity: sha512-t/CuxW/vP84y2iyS+PnbAnBwgOTYMzHXTSoBUKC1vIn706aNiZP40Y6mGJybglyH63RhAPcOdUgzG7DjzaAHCw==}
    peerDependencies:
      '@bufbuild/protobuf': 2.x
      '@connectrpc/connect': ^2.0.1
      '@tanstack/query-core': '>=5.62.0'

  '@connectrpc/connect-query@2.2.0':
    resolution: {integrity: sha512-oQ+coXOwBmfl4/t6EOrTfzW0zdoGDe3kvUYqZHrbzORkRFd693Cz8PxuDBjRCjmBPhDRCQMxFhR1jn2+SbgEKQ==}
    peerDependencies:
      '@bufbuild/protobuf': 2.x
      '@connectrpc/connect': ^2.0.1
      '@tanstack/react-query': '>=5.62.0'
      react: ^18 || ^19
      react-dom: ^18 || ^19

  '@connectrpc/connect-web@2.1.2':
    resolution: {integrity: sha512-1tfaK85MU+gJjwwmL31d2rzdf0XCYX99chZf63uG89SGBUd4XuZ4ZzhGo2u79TPXOE6nLIZQ2okrpyey42PYdg==}
    peerDependencies:
      '@bufbuild/protobuf': ^2.7.0
      '@connectrpc/connect': 2.1.2

  '@connectrpc/connect@2.1.2':
    resolution: {integrity: sha512-MXkBijtcX09R10Eb6sFeIetc6w6746eio6xtfuyVOH7oQAacT1X0GzMIQFux6Qy8cq3W/T5qX5Bei8YbFtmRGA==}
    peerDependencies:
      '@bufbuild/protobuf': ^2.7.0

  '@connectrpc/protoc-gen-connect-query@2.2.0':
    resolution: {integrity: sha512-MC+Yn3GjqfmdXnmzixylbnAF6viX5y30PTj9gBXTPwyvA5s9iarWV3FKdjT4IcfQYQIJv11e7LrJ2eFZ6vGAUA==}
    engines: {node: '>=20'}
    hasBin: true
    peerDependencies:
      '@bufbuild/protoc-gen-es': 2.x
    peerDependenciesMeta:
      '@bufbuild/protoc-gen-es':
        optional: true

  '@reduxjs/toolkit@2.12.0':
    resolution: {integrity: sha512-KiT+RzZbp6mQET+Mg+h2c97+9j1sNflUxQkIHI7Yuzf6Peu+OYpmkn6nbHWmLLWj+1ZODUJFwGZ7gx3L9R9EOw==}
    peerDependencies:
      react: ^16.9.0 || ^17.0.0 || ^18 || ^19
      react-redux: ^7.2.1 || ^8.1.3 || ^9.0.0
    peerDependenciesMeta:
      react:
        optional: true
      react-redux:
        optional: true

  '@standard-schema/spec@1.1.0':
    resolution: {integrity: sha512-l2aFy5jALhniG5HgqrD6jXLi/rUWrKvqN/qJx6yoJsgKhblVd+iqqU4RCXavm/jPityDo5TCvKMnpjKnOriy0w==}

  '@standard-schema/utils@0.3.0':
    resolution: {integrity: sha512-e7Mew686owMaPJVNNLs55PUvgz371nKgwsc4vxE49zsODpJEnxgxRo2y/OKrqueavXgZNMDVj3DdHFlaSAeU8g==}

  '@tanstack/query-core@5.101.2':
    resolution: {integrity: sha512-hH5MLoJhF7KaIGd7q3xTXGXvslI+GYlM1Z/35aSHHWaCJWB7XvTSHYuV3eM7tw+aE0mT/xMro4M4Q9rCGHT0lw==}

  '@tanstack/react-query@5.101.2':
    resolution: {integrity: sha512-seDkr6kzGzX1okaaTtZPtgA688CDPlXUz1C6xSg0ESqn04Vuc8tlrYms1s3de+znBqhPVxFRfpAfUf+6XvfPWg==}
    peerDependencies:
      react: ^18 || ^19

  '@types/d3-array@3.2.2':
    resolution: {integrity: sha512-hOLWVbm7uRza0BYXpIIW5pxfrKe0W+D5lrFiAEYR+pb6w3N2SwSMaJbXdUfSEv+dT4MfHBLtn5js0LAWaO6otw==}

  '@types/d3-color@3.1.3':
    resolution: {integrity: sha512-iO90scth9WAbmgv7ogoq57O9YpKmFBbmoEoCHDB2xMBY0+/KVrqAaCDyCE16dUspeOvIxFFRI+0sEtqDqy2b4A==}

  '@types/d3-ease@3.0.2':
    resolution: {integrity: sha512-NcV1JjO5oDzoK26oMzbILE6HW7uVXOHLQvHshBUW4UMdZGfiY6v5BeQwh9a9tCzv+CeefZQHJt5SRgK154RtiA==}

  '@types/d3-interpolate@3.0.4':
    resolution: {integrity: sha512-mgLPETlrpVV1YRJIglr4Ez47g7Yxjl1lj7YKsiMCb27VJH9W8NVM6Bb9d8kkpG/uAQS5AmbA48q2IAolKKo1MA==}

  '@types/d3-path@3.1.1':
    resolution: {integrity: sha512-VMZBYyQvbGmWyWVea0EHs/BwLgxc+MKi1zLDCONksozI4YJMcTt8ZEuIR4Sb1MMTE8MMW49v0IwI5+b7RmfWlg==}

  '@types/d3-scale@4.0.9':
    resolution: {integrity: sha512-dLmtwB8zkAeO/juAMfnV+sItKjlsw2lKdZVVy6LRr0cBmegxSABiLEpGVmSJJ8O08i4+sGR6qQtb6WtuwJdvVw==}

  '@types/d3-shape@3.1.8':
    resolution: {integrity: sha512-lae0iWfcDeR7qt7rA88BNiqdvPS5pFVPpo5OfjElwNaT2yyekbM0C9vK+yqBqEmHr6lDkRnYNoTBYlAgJa7a4w==}

  '@types/d3-time@3.0.4':
    resolution: {integrity: sha512-yuzZug1nkAAaBlBBikKZTgzCeA+k1uy4ZFwWANOfKw5z5LRhV0gNA7gNkKm7HoK+HRN0wX3EkxGk0fpbWhmB7g==}

  '@types/d3-timer@3.0.2':
    resolution: {integrity: sha512-Ps3T8E8dZDam6fUyNiMkekK3XUsaUEik+idO9/YjPtfj2qruF8tFBXS7XhtE4iIXBLxhmLjP3SXpLhVf21I9Lw==}

  '@types/history@4.7.11':
    resolution: {integrity: sha512-qjDJRrmvBMiTx+jyLxvLfJU7UznFuokDv4f3WRuriHKERccVpFU+8XMQUAbDzoiJCsmexxRExQeMwwCdamSKDA==}

  '@types/react-dom@19.2.3':
    resolution: {integrity: sha512-jp2L/eY6fn+KgVVQAOqYItbF0VY/YApe5Mz2F0aykSO8gx31bYCZyvSeYxCHKvzHG5eZjc+zyaS5BrBWya2+kQ==}
    peerDependencies:
      '@types/react': ^19.2.0

  '@types/react-router-dom@5.3.3':
    resolution: {integrity: sha512-kpqnYK4wcdm5UaWI3fLcELopqLrHgLqNsdpHauzlQktfkHL3npOSwtj1Uz9oKBAzs7lFtVkV8j83voAz2D8fhw==}

  '@types/react-router@5.1.20':
    resolution: {integrity: sha512-jGjmu/ZqS7FjSH6owMcD5qpq19+1RS9DeVRqfl1FeBMxTDQAGwlMWOcs52NDoXaNKyG3d1cYQFMs9rCrb88o9Q==}

  '@types/react@19.2.17':
    resolution: {integrity: sha512-MXfmqaVPEVgkBT/aY0aGCkRWWtByiYQXo3xdQ8r5RzuFrPiRn8Gar2tQdXSUQ2GKV3bkXckek89V8wQBY2Q/Aw==}

  '@types/use-sync-external-store@0.0.6':
    resolution: {integrity: sha512-zFDAD+tlpf2r4asuHEj0XH6pY6i0g5NeAHPn+15wk3BV6JA69eERFXC1gyGThDkVa1zCyKr5jox1+2LbV/AMLg==}

  '@typescript/vfs@1.6.4':
    resolution: {integrity: sha512-PJFXFS4ZJKiJ9Qiuix6Dz/OwEIqHD7Dme1UwZhTK11vR+5dqW2ACbdndWQexBzCx+CPuMe5WBYQWCsFyGlQLlQ==}
    peerDependencies:
      typescript: '*'

  clsx@2.1.1:
    resolution: {integrity: sha512-eYm0QWBtUrBWZWG0d386OGAw16Z995PiOVo2B7bjWSbHedGl5e0ZWaq65kOGgUSNesEIDkB9ISbTg/JK9dhCZA==}
    engines: {node: '>=6'}

  cookie@1.1.1:
    resolution: {integrity: sha512-ei8Aos7ja0weRpFzJnEA9UHJ/7XQmqglbRwnf2ATjcB9Wq874VKH9kfjjirM6UhU2/E5fFYadylyhFldcqSidQ==}
    engines: {node: '>=18'}

  csstype@3.2.3:
    resolution: {integrity: sha512-z1HGKcYy2xA8AGQfwrn0PAy+PB7X/GSj3UVJW9qKyn43xWa+gl5nXmU4qqLMRzWVLFC8KusUX8T/0kCiOYpAIQ==}

  d3-array@3.2.4:
    resolution: {integrity: sha512-tdQAmyA18i4J7wprpYq8ClcxZy3SC31QMeByyCFyRt7BVHdREQZ5lpzoe5mFEYZUWe+oq8HBvk9JjpibyEV4Jg==}
    engines: {node: '>=12'}

  d3-color@3.1.0:
    resolution: {integrity: sha512-zg/chbXyeBtMQ1LbD/WSoW2DpC3I0mpmPdW+ynRTj/x2DAWYrIY7qeZIHidozwV24m4iavr15lNwIwLxRmOxhA==}
    engines: {node: '>=12'}

  d3-ease@3.0.1:
    resolution: {integrity: sha512-wR/XK3D3XcLIZwpbvQwQ5fK+8Ykds1ip7A2Txe0yxncXSdq1L9skcG7blcedkOX+ZcgxGAmLX1FrRGbADwzi0w==}
    engines: {node: '>=12'}

  d3-format@3.1.2:
    resolution: {integrity: sha512-AJDdYOdnyRDV5b6ArilzCPPwc1ejkHcoyFarqlPqT7zRYjhavcT3uSrqcMvsgh2CgoPbK3RCwyHaVyxYcP2Arg==}
    engines: {node: '>=12'}

  d3-interpolate@3.0.1:
    resolution: {integrity: sha512-3bYs1rOD33uo8aqJfKP3JWPAibgw8Zm2+L9vBKEHJ2Rg+viTR7o5Mmv5mZcieN+FRYaAOWX5SJATX6k1PWz72g==}
    engines: {node: '>=12'}

  d3-path@3.1.0:
    resolution: {integrity: sha512-p3KP5HCf/bvjBSSKuXid6Zqijx7wIfNW+J/maPs+iwR35at5JCbLUT0LzF1cnjbCHWhqzQTIN2Jpe8pRebIEFQ==}
    engines: {node: '>=12'}

  d3-scale@4.0.2:
    resolution: {integrity: sha512-GZW464g1SH7ag3Y7hXjf8RoUuAFIqklOAq3MRl4OaWabTFJY9PN/E1YklhXLh+OQ3fM9yS2nOkCoS+WLZ6kvxQ==}
    engines: {node: '>=12'}

  d3-shape@3.2.0:
    resolution: {integrity: sha512-SaLBuwGm3MOViRq2ABk3eLoxwZELpH6zhl3FbAoJ7Vm1gofKx6El1Ib5z23NUEhF9AsGl7y+dzLe5Cw2AArGTA==}
    engines: {node: '>=12'}

  d3-time-format@4.1.0:
    resolution: {integrity: sha512-dJxPBlzC7NugB2PDLwo9Q8JiTR3M3e4/XANkreKSUxF8vvXKqm1Yfq4Q5dl8budlunRVlUUaDUgFt7eA8D6NLg==}
    engines: {node: '>=12'}

  d3-time@3.1.0:
    resolution: {integrity: sha512-VqKjzBLejbSMT4IgbmVgDjpkYrNWUYJnbCGo874u7MMKIWsILRX+OpX/gTk8MqjpT1A/c6HY2dCA77ZN0lkQ2Q==}
    engines: {node: '>=12'}

  d3-timer@3.0.1:
    resolution: {integrity: sha512-ndfJ/JxxMd3nw31uyKoY2naivF+r29V+Lc0svZxe1JvvIRmi8hUsrMvdOwgS1o6uBHmiz91geQ0ylPP0aj1VUA==}
    engines: {node: '>=12'}

  debug@4.4.3:
    resolution: {integrity: sha512-RGwwWnwQvkVfavKVt22FGLw+xYSdzARwm0ru6DhTVA3umU5hZc28V3kO4stgYryrTlLpuvgI9GiijltAjNbcqA==}
    engines: {node: '>=6.0'}
    peerDependencies:
      supports-color: '*'
    peerDependenciesMeta:
      supports-color:
        optional: true

  decimal.js-light@2.5.1:
    resolution: {integrity: sha512-qIMFpTMZmny+MMIitAB6D7iVPEorVw6YQRWkvarTkT4tBeSLLiHzcwj6q0MmYSFCiVpiqPJTJEYIrpcPzVEIvg==}

  es-toolkit@1.49.0:
    resolution: {integrity: sha512-G5iZ6Pc/FNRY/soKZHC+TxGDD83rHUDXxzaWhGCX44vAv/tMs56WMusnm/KMNK+luUPsgA9U28cGr4RDlSzL2g==}

  eventemitter3@5.0.4:
    resolution: {integrity: sha512-mlsTRyGaPBjPedk6Bvw+aqbsXDtoAyAzm5MO7JgU+yVRyMQ5O8bD4Kcci7BS85f93veegeCPkL8R4GLClnjLFw==}

  immer@11.1.8:
    resolution: {integrity: sha512-/tbkHMW7y10Lx6i1crLjD4/OhNkRG+Fo7byZHtah0547nIeXYcpIXaUh0IAQY6gO5459qpGGYapcEOHtFXkIuA==}

  internmap@2.0.3:
    resolution: {integrity: sha512-5Hh7Y1wQbvY5ooGgPbDaL5iYLAPzMTUrjMulskHLH6wnv/A+1q5rgEaiuqEjB+oxGXIVZs1FF+R/KPN3ZSQYYg==}
    engines: {node: '>=12'}

  ms@2.1.3:
    resolution: {integrity: sha512-6FlzubTLZG3J2a/NVCAleEhjzq5oxgHyaCU9yYXvcLsvoVaHJq/s5xXI6/XXP6tz7R9xAOtHnSO/tXtF3WRTlA==}

  react-dom@19.2.7:
    resolution: {integrity: sha512-t0BRVXvbiE/o20Hfw669rLbMCDWtYZLvmJigy2f0MxsXF+71pxhR3xOkspmsO8h3ZlNzyibAmtCa3l4lYKk6gQ==}
    peerDependencies:
      react: ^19.2.7

  react-is@19.2.7:
    resolution: {integrity: sha512-kZFnouyVv7eP/Phmrlo9FK+zcAdriZJvzxXHF1Sl1P377WSGe2G/JxVolhTrB/jeV47lKImhNUsijjHAAbcl/A==}

  react-redux@9.3.0:
    resolution: {integrity: sha512-KQopgqFo/p/fgmAs5qz6p5RWaNAzq40WAu7fJIXnQpYxFPbJYtsJPWvGeF2rOBaY/kEuV77AVsX8TsQzKm+A/g==}
    peerDependencies:
      '@types/react': ^18.2.25 || ^19
      react: ^18.0 || ^19
      redux: ^5.0.0
    peerDependenciesMeta:
      '@types/react':
        optional: true
      redux:
        optional: true

  react-router-dom@7.18.0:
    resolution: {integrity: sha512-Fi0yY6kgtKae/Th2xibdWK0KSdYZ4B53Gyf6wRtomOKWgpNm7H7+DyfDhncdz9FKbpS+1jmDhg3F4WoGJ+yFOA==}
    engines: {node: '>=20.0.0'}
    peerDependencies:
      react: '>=18'
      react-dom: '>=18'

  react-router@7.18.0:
    resolution: {integrity: sha512-pTTGt8J+ji1NOmYnjzT+bAJy/1zD+Jp4ziO6cL7T3ZLvXKtusO7BpFqlRXitqpcPVqllsIXFHRMt+2/k3Xn6HQ==}
    engines: {node: '>=20.0.0'}
    peerDependencies:
      react: '>=18'
      react-dom: '>=18'
    peerDependenciesMeta:
      react-dom:
        optional: true

  react@19.2.7:
    resolution: {integrity: sha512-HNe9WslTbXmFK8o8cmwgAeJFSBvt1bPdHCVKtaaV+WlAN36mpT4hcRpwbf3fY56ar2oIXzsBpOAiIRHAdY0OlQ==}
    engines: {node: '>=0.10.0'}

  recharts@3.9.1:
    resolution: {integrity: sha512-WMcwlXcB7l+BbxiEdyClkG+1sxrMHNZpzT577LEvU4+rXPd8oTAy1wXk72hnk2KOOmxuLvw3z5DtXT7HEAydtg==}
    engines: {node: '>=18'}
    peerDependencies:
      react: ^16.8.0 || ^17.0.0 || ^18.0.0 || ^19.0.0
      react-dom: ^16.0.0 || ^17.0.0 || ^18.0.0 || ^19.0.0
      react-is: ^16.8.0 || ^17.0.0 || ^18.0.0 || ^19.0.0

  redux-thunk@3.1.0:
    resolution: {integrity: sha512-NW2r5T6ksUKXCabzhL9z+h206HQw/NJkcLm1GPImRQ8IzfXwRGqjVhKJGauHirT0DAuyy6hjdnMZaRoAcy0Klw==}
    peerDependencies:
      redux: ^5.0.0

  redux@5.0.1:
    resolution: {integrity: sha512-M9/ELqF6fy8FwmkpnF0S3YKOqMyoWJ4+CS5Efg2ct3oY9daQvd/Pc71FpGZsVsbl3Cpb+IIcjBDUnnyBdQbq4w==}

  reselect@5.2.0:
    resolution: {integrity: sha512-AgZ3UOZm3YndfrJ4OYjgrT7bmCm/1iqkjvEfH/oYjzh6PD2qw4QuT3jjnXIrpdt4MTpMXclMT3lXbmRY+XRakw==}

  scheduler@0.27.0:
    resolution: {integrity: sha512-eNv+WrVbKu1f3vbYJT/xtiF5syA5HPIMtf9IgY/nKg0sWqzAUEvqY/xm7OcZc/qafLx/iO9FgOmeSAp4v5ti/Q==}

  set-cookie-parser@2.7.2:
    resolution: {integrity: sha512-oeM1lpU/UvhTxw+g3cIfxXHyJRc/uidd3yK1P242gzHds0udQBYzs3y8j4gCCW+ZJ7ad0yctld8RYO+bdurlvw==}

  tiny-invariant@1.3.3:
    resolution: {integrity: sha512-+FbBPE1o9QAYvviau/qC5SE3caw21q3xkvWKBtja5vgqOWIHHJ3ioaq1VPfn/Szqctz2bU/oYeKd9/z5BL+PVg==}

  typescript@5.4.5:
    resolution: {integrity: sha512-vcI4UpRgg81oIRUFwR0WSIHKt11nJ7SAVlYNIu+QpqeyXP+gpQJy/Z4+F0aGxSE4MqwjyXvW/TzgkLAx2AGHwQ==}
    engines: {node: '>=14.17'}
    hasBin: true

  typescript@5.5.4:
    resolution: {integrity: sha512-Mtq29sKDAEYP7aljRgtPOpTvOfbwRWlS6dPRzwjdE+C0R4brX/GUyhHSecbHMFLNBLcJIPt9nl9yG5TZ1weH+Q==}
    engines: {node: '>=14.17'}
    hasBin: true

  use-sync-external-store@1.6.0:
    resolution: {integrity: sha512-Pp6GSwGP/NrPIrxVFAIkOQeyw8lFenOHijQWkUTrDvrF4ALqylP2C/KCkeS9dpUM3KvYRQhna5vt7IL95+ZQ9w==}
    peerDependencies:
      react: ^16.8.0 || ^17.0.0 || ^18.0.0 || ^19.0.0

  victory-vendor@37.3.6:
    resolution: {integrity: sha512-SbPDPdDBYp+5MJHhBCAyI7wKM3d5ivekigc2Dk2s7pgbZ9wIgIBYGVw4zGHBml/qTFbexrofXW6Gu4noGxrOwQ==}

snapshots:

  '@bufbuild/protobuf@2.12.0': {}

  '@bufbuild/protoc-gen-es@2.12.0(@bufbuild/protobuf@2.12.0)':
    dependencies:
      '@bufbuild/protoplugin': 2.12.0
    optionalDependencies:
      '@bufbuild/protobuf': 2.12.0
    transitivePeerDependencies:
      - supports-color

  '@bufbuild/protoplugin@2.12.0':
    dependencies:
      '@bufbuild/protobuf': 2.12.0
      '@typescript/vfs': 1.6.4(typescript@5.4.5)
      typescript: 5.4.5
    transitivePeerDependencies:
      - supports-color

  '@connectrpc/connect-query-core@2.2.0(@bufbuild/protobuf@2.12.0)(@connectrpc/connect@2.1.2(@bufbuild/protobuf@2.12.0))(@tanstack/query-core@5.101.2)':
    dependencies:
      '@bufbuild/protobuf': 2.12.0
      '@connectrpc/connect': 2.1.2(@bufbuild/protobuf@2.12.0)
      '@tanstack/query-core': 5.101.2

  '@connectrpc/connect-query@2.2.0(@bufbuild/protobuf@2.12.0)(@connectrpc/connect@2.1.2(@bufbuild/protobuf@2.12.0))(@tanstack/query-core@5.101.2)(@tanstack/react-query@5.101.2(react@19.2.7))(react-dom@19.2.7(react@19.2.7))(react@19.2.7)':
    dependencies:
      '@bufbuild/protobuf': 2.12.0
      '@connectrpc/connect': 2.1.2(@bufbuild/protobuf@2.12.0)
      '@connectrpc/connect-query-core': 2.2.0(@bufbuild/protobuf@2.12.0)(@connectrpc/connect@2.1.2(@bufbuild/protobuf@2.12.0))(@tanstack/query-core@5.101.2)
      '@tanstack/react-query': 5.101.2(react@19.2.7)
      react: 19.2.7
      react-dom: 19.2.7(react@19.2.7)
    transitivePeerDependencies:
      - '@tanstack/query-core'

  '@connectrpc/connect-web@2.1.2(@bufbuild/protobuf@2.12.0)(@connectrpc/connect@2.1.2(@bufbuild/protobuf@2.12.0))':
    dependencies:
      '@bufbuild/protobuf': 2.12.0
      '@connectrpc/connect': 2.1.2(@bufbuild/protobuf@2.12.0)

  '@connectrpc/connect@2.1.2(@bufbuild/protobuf@2.12.0)':
    dependencies:
      '@bufbuild/protobuf': 2.12.0

  '@connectrpc/protoc-gen-connect-query@2.2.0(@bufbuild/protoc-gen-es@2.12.0(@bufbuild/protobuf@2.12.0))':
    dependencies:
      '@bufbuild/protobuf': 2.12.0
      '@bufbuild/protoplugin': 2.12.0
    optionalDependencies:
      '@bufbuild/protoc-gen-es': 2.12.0(@bufbuild/protobuf@2.12.0)
    transitivePeerDependencies:
      - supports-color

  '@reduxjs/toolkit@2.12.0(react-redux@9.3.0(@types/react@19.2.17)(react@19.2.7)(redux@5.0.1))(react@19.2.7)':
    dependencies:
      '@standard-schema/spec': 1.1.0
      '@standard-schema/utils': 0.3.0
      immer: 11.1.8
      redux: 5.0.1
      redux-thunk: 3.1.0(redux@5.0.1)
      reselect: 5.2.0
    optionalDependencies:
      react: 19.2.7
      react-redux: 9.3.0(@types/react@19.2.17)(react@19.2.7)(redux@5.0.1)

  '@standard-schema/spec@1.1.0': {}

  '@standard-schema/utils@0.3.0': {}

  '@tanstack/query-core@5.101.2': {}

  '@tanstack/react-query@5.101.2(react@19.2.7)':
    dependencies:
      '@tanstack/query-core': 5.101.2
      react: 19.2.7

  '@types/d3-array@3.2.2': {}

  '@types/d3-color@3.1.3': {}

  '@types/d3-ease@3.0.2': {}

  '@types/d3-interpolate@3.0.4':
    dependencies:
      '@types/d3-color': 3.1.3

  '@types/d3-path@3.1.1': {}

  '@types/d3-scale@4.0.9':
    dependencies:
      '@types/d3-time': 3.0.4

  '@types/d3-shape@3.1.8':
    dependencies:
      '@types/d3-path': 3.1.1

  '@types/d3-time@3.0.4': {}

  '@types/d3-timer@3.0.2': {}

  '@types/history@4.7.11': {}

  '@types/react-dom@19.2.3(@types/react@19.2.17)':
    dependencies:
      '@types/react': 19.2.17

  '@types/react-router-dom@5.3.3':
    dependencies:
      '@types/history': 4.7.11
      '@types/react': 19.2.17
      '@types/react-router': 5.1.20

  '@types/react-router@5.1.20':
    dependencies:
      '@types/history': 4.7.11
      '@types/react': 19.2.17

  '@types/react@19.2.17':
    dependencies:
      csstype: 3.2.3

  '@types/use-sync-external-store@0.0.6': {}

  '@typescript/vfs@1.6.4(typescript@5.4.5)':
    dependencies:
      debug: 4.4.3
      typescript: 5.4.5
    transitivePeerDependencies:
      - supports-color

  clsx@2.1.1: {}

  cookie@1.1.1: {}

  csstype@3.2.3: {}

  d3-array@3.2.4:
    dependencies:
      internmap: 2.0.3

  d3-color@3.1.0: {}

  d3-ease@3.0.1: {}

  d3-format@3.1.2: {}

  d3-interpolate@3.0.1:
    dependencies:
      d3-color: 3.1.0

  d3-path@3.1.0: {}

  d3-scale@4.0.2:
    dependencies:
      d3-array: 3.2.4
      d3-format: 3.1.2
      d3-interpolate: 3.0.1
      d3-time: 3.1.0
      d3-time-format: 4.1.0

  d3-shape@3.2.0:
    dependencies:
      d3-path: 3.1.0

  d3-time-format@4.1.0:
    dependencies:
      d3-time: 3.1.0

  d3-time@3.1.0:
    dependencies:
      d3-array: 3.2.4

  d3-timer@3.0.1: {}

  debug@4.4.3:
    dependencies:
      ms: 2.1.3

  decimal.js-light@2.5.1: {}

  es-toolkit@1.49.0: {}

  eventemitter3@5.0.4: {}

  immer@11.1.8: {}

  internmap@2.0.3: {}

  ms@2.1.3: {}

  react-dom@19.2.7(react@19.2.7):
    dependencies:
      react: 19.2.7
      scheduler: 0.27.0

  react-is@19.2.7: {}

  react-redux@9.3.0(@types/react@19.2.17)(react@19.2.7)(redux@5.0.1):
    dependencies:
      '@types/use-sync-external-store': 0.0.6
      react: 19.2.7
      use-sync-external-store: 1.6.0(react@19.2.7)
    optionalDependencies:
      '@types/react': 19.2.17
      redux: 5.0.1

  react-router-dom@7.18.0(react-dom@19.2.7(react@19.2.7))(react@19.2.7):
    dependencies:
      react: 19.2.7
      react-dom: 19.2.7(react@19.2.7)
      react-router: 7.18.0(react-dom@19.2.7(react@19.2.7))(react@19.2.7)

  react-router@7.18.0(react-dom@19.2.7(react@19.2.7))(react@19.2.7):
    dependencies:
      cookie: 1.1.1
      react: 19.2.7
      set-cookie-parser: 2.7.2
    optionalDependencies:
      react-dom: 19.2.7(react@19.2.7)

  react@19.2.7: {}

  recharts@3.9.1(@types/react@19.2.17)(react-dom@19.2.7(react@19.2.7))(react-is@19.2.7)(react@19.2.7)(redux@5.0.1):
    dependencies:
      '@reduxjs/toolkit': 2.12.0(react-redux@9.3.0(@types/react@19.2.17)(react@19.2.7)(redux@5.0.1))(react@19.2.7)
      clsx: 2.1.1
      decimal.js-light: 2.5.1
      es-toolkit: 1.49.0
      eventemitter3: 5.0.4
      immer: 11.1.8
      react: 19.2.7
      react-dom: 19.2.7(react@19.2.7)
      react-is: 19.2.7
      react-redux: 9.3.0(@types/react@19.2.17)(react@19.2.7)(redux@5.0.1)
      reselect: 5.2.0
      tiny-invariant: 1.3.3
      use-sync-external-store: 1.6.0(react@19.2.7)
      victory-vendor: 37.3.6
    transitivePeerDependencies:
      - '@types/react'
      - redux

  redux-thunk@3.1.0(redux@5.0.1):
    dependencies:
      redux: 5.0.1

  redux@5.0.1: {}

  reselect@5.2.0: {}

  scheduler@0.27.0: {}

  set-cookie-parser@2.7.2: {}

  tiny-invariant@1.3.3: {}

  typescript@5.4.5: {}

  typescript@5.5.4: {}

  use-sync-external-store@1.6.0(react@19.2.7):
    dependencies:
      react: 19.2.7

  victory-vendor@37.3.6:
    dependencies:
      '@types/d3-array': 3.2.2
      '@types/d3-ease': 3.0.2
      '@types/d3-interpolate': 3.0.4
      '@types/d3-scale': 4.0.9
      '@types/d3-shape': 3.1.8
      '@types/d3-time': 3.0.4
      '@types/d3-timer': 3.0.2
      d3-array: 3.2.4
      d3-ease: 3.0.1
      d3-interpolate: 3.0.1
      d3-scale: 4.0.2
      d3-shape: 3.2.0
      d3-time: 3.1.0
      d3-timer: 3.0.1
